{
  "version": 4,
  "terraform_version": "1.3.5",
  "serial": 106,
  "lineage": "04943ba7-5a98-fe7e-56e2-1efb2a6e9518",
  "outputs": {
    "droplet_ip": {
      "value": "161.35.125.68",
      "type": "string"
    }
  },
  "resources": [
    {
      "mode": "data",
      "type": "digitalocean_ssh_key",
      "name": "minha_chave",
      "provider": "provider[\"registry.terraform.io/digitalocean/digitalocean\"]",
      "instances": [
        {
          "schema_version": 0,
          "attributes": {
            "fingerprint": "db:f1:32:46:f5:28:48:c2:5f:3c:0f:1b:21:1f:d5:f1",
            "id": 36802149,
            "name": "meupc-linux",
            "public_key": "ssh-rsa AAAAB3NzaC1yc2EAAAADAQABAAACAQCMTRIIonmFXXR16sHqkeABTCYmT4YJu8ojp7QqXNh21Q93cmmWWnxoU3u+uqqKwATST+deSizKf7O11A3yipfwwjPfZkXYF7qg1uuHfTwBDmEaEb0Nm6qxqghS0nQ4wogEEn+/PB00dOHz0TVvsEMXyQAJpV0HdXix0eDtETNQZxSdphTDQB89uoJqDO4nJn/tg+8XbSdKvmywbzK9Z+XOLvyaMJzg7tfYdHdvYPeosyJPyyskZwk8CPI7E9navex46N20FYxwQ2D58f1ItlCWHNyjQUr767gCW5T66heW4TIAXJK4kPzGJtEG+I6Stc/rfGDfzqT3UpOB2KqyhWDBmXLyc7CNViEeva3EmAlwiGbLp3jCnesOiUG5DV7jOtfmtJOxPWoB6cNLhubItIxyovnD/Gi4HmYpjEoLXUguhWBsL831JFbB1P/RmyS4MZN72sU/MS2dLdt7x9o2B4ehAHbpImWX089l6jXzVh+uHj22rUqSX1zTdp//TnwJz3ufbRev/g5ojgHTG8xRFd+W2LNWQYCPkUD0kdLbyCPBp6YaN7nqrc8uBfUtNW/153f+JJnOw9Gcv5Pi3HsXplXBn+Xhz4zn9Kgo6Ivkwa9cCALTwXV3+JE9ONJMc1oqWm3i6w1iJdyuxywoetDYJHyQ3eGn4z0nA2q3rdYu+Xvp7Q== root@DESKTOP-FGB7N8H"
          },
          "sensitive_attributes": []
        }
      ]
    },
    {
      "mode": "managed",
      "type": "digitalocean_droplet",
      "name": "jenkins",
      "provider": "provider[\"registry.terraform.io/digitalocean/digitalocean\"]",
      "instances": [
        {
          "schema_version": 1,
          "attributes": {
            "backups": false,
            "created_at": "2022-11-20T21:07:49Z",
            "disk": 80,
            "droplet_agent": null,
            "graceful_shutdown": false,
            "id": "327444288",
            "image": "ubuntu-20-04-x64",
            "ipv4_address": "161.35.125.68",
            "ipv4_address_private": "10.116.0.2",
            "ipv6": false,
            "ipv6_address": "",
            "locked": false,
            "memory": 4096,
            "monitoring": false,
            "name": "jenkins",
            "price_hourly": 0.03571,
            "price_monthly": 24,
            "private_networking": true,
            "region": "nyc1",
            "resize_disk": true,
            "size": "s-2vcpu-4gb",
            "ssh_keys": [
              "36802149"
            ],
            "status": "active",
            "tags": [
              "desenvolvimento"
            ],
            "timeouts": null,
            "urn": "do:droplet:327444288",
            "user_data": null,
            "vcpus": 2,
            "volume_ids": [],
            "vpc_uuid": "89b514ee-e909-41f1-bc18-536284546016"
          },
          "sensitive_attributes": [],
          "private": "eyJlMmJmYjczMC1lY2FhLTExZTYtOGY4OC0zNDM2M2JjN2M0YzAiOnsiY3JlYXRlIjozNjAwMDAwMDAwMDAwLCJkZWxldGUiOjYwMDAwMDAwMDAwLCJ1cGRhdGUiOjM2MDAwMDAwMDAwMDB9LCJzY2hlbWFfdmVyc2lvbiI6IjEifQ==",
          "dependencies": [
            "data.digitalocean_ssh_key.minha_chave"
          ]
        }
      ]
    },
    {
      "mode": "managed",
      "type": "digitalocean_firewall",
      "name": "fw_labs",
      "provider": "provider[\"registry.terraform.io/digitalocean/digitalocean\"]",
      "instances": [
        {
          "schema_version": 0,
          "attributes": {
            "created_at": "2022-11-20T21:08:20Z",
            "droplet_ids": [
              327444288
            ],
            "id": "e8f595af-6a80-42b6-a1a4-306d17dc1a70",
            "inbound_rule": [
              {
                "port_range": "22",
                "protocol": "tcp",
                "source_addresses": [
                  "0.0.0.0/0",
                  "::/0"
                ],
                "source_droplet_ids": [],
                "source_kubernetes_ids": [],
                "source_load_balancer_uids": [],
                "source_tags": []
              },
              {
                "port_range": "443",
                "protocol": "tcp",
                "source_addresses": [
                  "0.0.0.0/0",
                  "::/0"
                ],
                "source_droplet_ids": [],
                "source_kubernetes_ids": [],
                "source_load_balancer_uids": [],
                "source_tags": []
              },
              {
                "port_range": "80",
                "protocol": "tcp",
                "source_addresses": [
                  "0.0.0.0/0",
                  "::/0"
                ],
                "source_droplet_ids": [],
                "source_kubernetes_ids": [],
                "source_load_balancer_uids": [],
                "source_tags": []
              },
              {
                "port_range": "8080",
                "protocol": "tcp",
                "source_addresses": [
                  "0.0.0.0/0",
                  "::/0"
                ],
                "source_droplet_ids": [],
                "source_kubernetes_ids": [],
                "source_load_balancer_uids": [],
                "source_tags": []
              }
            ],
            "name": "fw-labs",
            "outbound_rule": [
              {
                "destination_addresses": [
                  "0.0.0.0/0",
                  "::/0"
                ],
                "destination_droplet_ids": [],
                "destination_kubernetes_ids": [],
                "destination_load_balancer_uids": [],
                "destination_tags": [],
                "port_range": "22",
                "protocol": "tcp"
              },
              {
                "destination_addresses": [
                  "0.0.0.0/0",
                  "::/0"
                ],
                "destination_droplet_ids": [],
                "destination_kubernetes_ids": [],
                "destination_load_balancer_uids": [],
                "destination_tags": [],
                "port_range": "443",
                "protocol": "tcp"
              },
              {
                "destination_addresses": [
                  "0.0.0.0/0",
                  "::/0"
                ],
                "destination_droplet_ids": [],
                "destination_kubernetes_ids": [],
                "destination_load_balancer_uids": [],
                "destination_tags": [],
                "port_range": "53",
                "protocol": "tcp"
              },
              {
                "destination_addresses": [
                  "0.0.0.0/0",
                  "::/0"
                ],
                "destination_droplet_ids": [],
                "destination_kubernetes_ids": [],
                "destination_load_balancer_uids": [],
                "destination_tags": [],
                "port_range": "53",
                "protocol": "udp"
              },
              {
                "destination_addresses": [
                  "0.0.0.0/0",
                  "::/0"
                ],
                "destination_droplet_ids": [],
                "destination_kubernetes_ids": [],
                "destination_load_balancer_uids": [],
                "destination_tags": [],
                "port_range": "80",
                "protocol": "tcp"
              }
            ],
            "pending_changes": [],
            "status": "succeeded",
            "tags": []
          },
          "sensitive_attributes": [],
          "private": "bnVsbA==",
          "dependencies": [
            "data.digitalocean_ssh_key.minha_chave",
            "digitalocean_droplet.jenkins"
          ]
        }
      ]
    },
    {
      "mode": "managed",
      "type": "digitalocean_kubernetes_cluster",
      "name": "k8s",
      "provider": "provider[\"registry.terraform.io/digitalocean/digitalocean\"]",
      "instances": [
        {
          "schema_version": 3,
          "attributes": {
            "auto_upgrade": false,
            "cluster_subnet": "10.244.0.0/16",
            "created_at": "2022-11-20 21:10:08 +0000 UTC",
            "endpoint": "https://500c43bc-e7ff-4cce-9200-504bece7678a.k8s.ondigitalocean.com",
            "ha": false,
            "id": "500c43bc-e7ff-4cce-9200-504bece7678a",
            "ipv4_address": "",
            "kube_config": [
              {
                "client_certificate": "",
                "client_key": "",
                "cluster_ca_certificate": "LS0tLS1CRUdJTiBDRVJUSUZJQ0FURS0tLS0tCk1JSURKekNDQWcrZ0F3SUJBZ0lDQm5Vd0RRWUpLb1pJaHZjTkFRRUxCUUF3TXpFVk1CTUdBMVVFQ2hNTVJHbG4KYVhSaGJFOWpaV0Z1TVJvd0dBWURWUVFERXhGck9ITmhZWE1nUTJ4MWMzUmxjaUJEUVRBZUZ3MHlNakV4TWpBeQpNVEV3TVRWYUZ3MDBNakV4TWpBeU1URXdNVFZhTURNeEZUQVRCZ05WQkFvVERFUnBaMmwwWVd4UFkyVmhiakVhCk1CZ0dBMVVFQXhNUmF6aHpZV0Z6SUVOc2RYTjBaWElnUTBFd2dnRWlNQTBHQ1NxR1NJYjNEUUVCQVFVQUE0SUIKRHdBd2dnRUtBb0lCQVFDNWVmZjFEdSt1RG9qMlR0RkpPMEhKNFhKa2JndVZtZ0RyYzNRTlRYRFg1SlJTWksyTgpGRE1nUVhoL2ZudnMvSUlWRmw4UzNrMlE0OFhPYk9EVjJOazRSbmRKbGdzNUR3UXo2TFd2ZU1CcjFJM2QrclBvCk9wYVhDN3ZrRC90c3J1RjQrdkRybjZOMnRuUnhVaXFZU1d0VDRVU2FFSlhtOU9Ga0tTMGhtaEUyd3ArK1dsU1gKRzBud3VQa0ZpallYK1ozR3JWaC8yeXh4bVVJS1NPYVNjY1lkTWdNNGVHVEkzdW1qNE84NmdFeGdPTmdiYlkxRApuOGxkaURBaHJ2Y0x5TG9jb0ZZWEs1S25lU2RQajlEQVQrOW1ERzBqN2ttemM4VmM2bWM0dDU2Y1NNL2t4czhSCk5TV2k2djl6M3V6Z0xvUDBWUkJ4WUxIYk9XSllQeEFlSXdiekFnTUJBQUdqUlRCRE1BNEdBMVVkRHdFQi93UUUKQXdJQmhqQVNCZ05WSFJNQkFmOEVDREFHQVFIL0FnRUFNQjBHQTFVZERnUVdCQlJYSFBHMVlGQkhkVnZlanJNcQowKzVObHY2RCtUQU5CZ2txaGtpRzl3MEJBUXNGQUFPQ0FRRUFmeTNzVWNzYjB4RUFpN2YvcEhmR0s5YVRzUXpwCkhLN2NrcVlwWkxJaGllamY2blJROE5JdkpFWUs0aFI3b3puWStrQ3BOL1NiRHhOTkY4Zkw0dUlHcXBaSVNHZjcKaGV4NFpmNk91TndwY3lzU0hFNnlsekpkYkkzUm02UURCT2gwSXpiaHVtd1RaOTA0MFI3OEhaeWpLVnRleklPWQpzRFBUSUFYUlNhRlBFa0F4Y1YwUnNLNGg3T2F4aTY2cUo0bWNPNGhEcUl2RjNpUGorVDdmVkd3SGdmM2ZwVVA0CjZWd1V0R21EL2p4MDZBV3RubkVUMnhXV2dqUCtmVmZvZ3pRd2I4aGdJdC9tU0NzczRXSlRZYWdBY3daVUVxNlMKVDFEckdoUUFDOHdmeUhFT0tOWDRhb0JVOXorblZ2VXM2T0FBOSttdXl0Tk43RGZvUVBONlBKVXBCZz09Ci0tLS0tRU5EIENFUlRJRklDQVRFLS0tLS0K",
                "expires_at": "2022-11-27T21:16:28Z",
                "host": "https://500c43bc-e7ff-4cce-9200-504bece7678a.k8s.ondigitalocean.com",
                "raw_config": "apiVersion: v1\nkind: Config\nclusters:\n- cluster:\n    certificate-authority-data: LS0tLS1CRUdJTiBDRVJUSUZJQ0FURS0tLS0tCk1JSURKekNDQWcrZ0F3SUJBZ0lDQm5Vd0RRWUpLb1pJaHZjTkFRRUxCUUF3TXpFVk1CTUdBMVVFQ2hNTVJHbG4KYVhSaGJFOWpaV0Z1TVJvd0dBWURWUVFERXhGck9ITmhZWE1nUTJ4MWMzUmxjaUJEUVRBZUZ3MHlNakV4TWpBeQpNVEV3TVRWYUZ3MDBNakV4TWpBeU1URXdNVFZhTURNeEZUQVRCZ05WQkFvVERFUnBaMmwwWVd4UFkyVmhiakVhCk1CZ0dBMVVFQXhNUmF6aHpZV0Z6SUVOc2RYTjBaWElnUTBFd2dnRWlNQTBHQ1NxR1NJYjNEUUVCQVFVQUE0SUIKRHdBd2dnRUtBb0lCQVFDNWVmZjFEdSt1RG9qMlR0RkpPMEhKNFhKa2JndVZtZ0RyYzNRTlRYRFg1SlJTWksyTgpGRE1nUVhoL2ZudnMvSUlWRmw4UzNrMlE0OFhPYk9EVjJOazRSbmRKbGdzNUR3UXo2TFd2ZU1CcjFJM2QrclBvCk9wYVhDN3ZrRC90c3J1RjQrdkRybjZOMnRuUnhVaXFZU1d0VDRVU2FFSlhtOU9Ga0tTMGhtaEUyd3ArK1dsU1gKRzBud3VQa0ZpallYK1ozR3JWaC8yeXh4bVVJS1NPYVNjY1lkTWdNNGVHVEkzdW1qNE84NmdFeGdPTmdiYlkxRApuOGxkaURBaHJ2Y0x5TG9jb0ZZWEs1S25lU2RQajlEQVQrOW1ERzBqN2ttemM4VmM2bWM0dDU2Y1NNL2t4czhSCk5TV2k2djl6M3V6Z0xvUDBWUkJ4WUxIYk9XSllQeEFlSXdiekFnTUJBQUdqUlRCRE1BNEdBMVVkRHdFQi93UUUKQXdJQmhqQVNCZ05WSFJNQkFmOEVDREFHQVFIL0FnRUFNQjBHQTFVZERnUVdCQlJYSFBHMVlGQkhkVnZlanJNcQowKzVObHY2RCtUQU5CZ2txaGtpRzl3MEJBUXNGQUFPQ0FRRUFmeTNzVWNzYjB4RUFpN2YvcEhmR0s5YVRzUXpwCkhLN2NrcVlwWkxJaGllamY2blJROE5JdkpFWUs0aFI3b3puWStrQ3BOL1NiRHhOTkY4Zkw0dUlHcXBaSVNHZjcKaGV4NFpmNk91TndwY3lzU0hFNnlsekpkYkkzUm02UURCT2gwSXpiaHVtd1RaOTA0MFI3OEhaeWpLVnRleklPWQpzRFBUSUFYUlNhRlBFa0F4Y1YwUnNLNGg3T2F4aTY2cUo0bWNPNGhEcUl2RjNpUGorVDdmVkd3SGdmM2ZwVVA0CjZWd1V0R21EL2p4MDZBV3RubkVUMnhXV2dqUCtmVmZvZ3pRd2I4aGdJdC9tU0NzczRXSlRZYWdBY3daVUVxNlMKVDFEckdoUUFDOHdmeUhFT0tOWDRhb0JVOXorblZ2VXM2T0FBOSttdXl0Tk43RGZvUVBONlBKVXBCZz09Ci0tLS0tRU5EIENFUlRJRklDQVRFLS0tLS0K\n    server: https://500c43bc-e7ff-4cce-9200-504bece7678a.k8s.ondigitalocean.com\n  name: do-nyc1-k8s\ncontexts:\n- context:\n    cluster: do-nyc1-k8s\n    user: do-nyc1-k8s-admin\n  name: do-nyc1-k8s\ncurrent-context: do-nyc1-k8s\nusers:\n- name: do-nyc1-k8s-admin\n  user:\n    token: dop_v1_7d401a4066bba31c7d4511fac992679f5d05eddacbea47f3f08879c9e064ec80\n",
                "token": "dop_v1_7d401a4066bba31c7d4511fac992679f5d05eddacbea47f3f08879c9e064ec80"
              }
            ],
            "maintenance_policy": [
              {
                "day": "any",
                "duration": "4h0m0s",
                "start_time": "14:00"
              }
            ],
            "name": "k8s",
            "node_pool": [
              {
                "actual_node_count": 3,
                "auto_scale": false,
                "id": "4f47ddfc-61ab-4f28-b135-404c0c90fea3",
                "labels": null,
                "max_nodes": 0,
                "min_nodes": 0,
                "name": "worker-pool",
                "node_count": 3,
                "nodes": [
                  {
                    "created_at": "2022-11-20 21:10:08 +0000 UTC",
                    "droplet_id": "327445008",
                    "id": "422a3c64-91ba-4d73-9873-6eea45872425",
                    "name": "worker-pool-mm09a",
                    "status": "running",
                    "updated_at": "2022-11-20 21:11:45 +0000 UTC"
                  },
                  {
                    "created_at": "2022-11-20 21:10:08 +0000 UTC",
                    "droplet_id": "327445007",
                    "id": "39c792eb-1d82-4e37-ba87-3e794dba5119",
                    "name": "worker-pool-mm096",
                    "status": "running",
                    "updated_at": "2022-11-20 21:11:45 +0000 UTC"
                  },
                  {
                    "created_at": "2022-11-20 21:10:08 +0000 UTC",
                    "droplet_id": "327445009",
                    "id": "d6d9b0b3-09c0-49e2-b37e-4c1e568b6d69",
                    "name": "worker-pool-mm09t",
                    "status": "running",
                    "updated_at": "2022-11-20 21:11:45 +0000 UTC"
                  }
                ],
                "size": "s-2vcpu-2gb",
                "tags": null,
                "taint": []
              }
            ],
            "region": "nyc1",
            "service_subnet": "10.245.0.0/16",
            "status": "running",
            "surge_upgrade": true,
            "tags": null,
            "timeouts": null,
            "updated_at": "2022-11-20 21:16:25 +0000 UTC",
            "urn": "do:kubernetes:500c43bc-e7ff-4cce-9200-504bece7678a",
            "version": "1.24.4-do.0",
            "vpc_uuid": "89b514ee-e909-41f1-bc18-536284546016"
          },
          "sensitive_attributes": [],
          "private": "eyJlMmJmYjczMC1lY2FhLTExZTYtOGY4OC0zNDM2M2JjN2M0YzAiOnsiY3JlYXRlIjoxODAwMDAwMDAwMDAwfSwic2NoZW1hX3ZlcnNpb24iOiIzIn0="
        }
      ]
    }
  ],
  "check_results": null
}
